
Microsoft Visual Studio Solution File, Format Version 12.00
# Visual Studio 15
VisualStudioVersion = 15.0.28307.168
MinimumVisualStudioVersion = 10.0.40219.1
Project("{8BC9CEB8-8B4A-11D0-8D11-00A0C91BC942}") = "Persistent Set", "Persistent Set\Persistent Set.vcxproj", "{41CF7F2A-189E-4822-A1FC-88B03CE279A9}"
EndProject
Global
	GlobalSection(SolutionConfigurationPlatforms) = preSolution
		Debug|x64 = Debug|x64
		Debug|x86 = Debug|x86
		Release|x64 = Release|x64
		Release|x86 = Release|x86
	EndGlobalSection
	GlobalSection(ProjectConfigurationPlatforms) = postSolution
		{41CF7F2A-189E-4822-A1FC-88B03CE279A9}.Debug|x64.ActiveCfg = Debug|x64
		{41CF7F2A-189E-4822-A1FC-88B03CE279A9}.Debug|x64.Build.0 = Debug|x64
		{41CF7F2A-189E-4822-A1FC-88B03CE279A9}.Debug|x86.ActiveCfg = Debug|Win32
		{41CF7F2A-189E-4822-A1FC-88B03CE279A9}.Debug|x86.Build.0 = Debug|Win32
		{41CF7F2A-189E-4822-A1FC-88B03CE279A9}.Release|x64.ActiveCfg = Release|x64
		{41CF7F2A-189E-4822-A1FC-88B03CE279A9}.Release|x64.Build.0 = Release|x64
		{41CF7F2A-189E-4822-A1FC-88B03CE279A9}.Release|x86.ActiveCfg = Release|Win32
		{41CF7F2A-189E-4822-A1FC-88B03CE279A9}.Release|x86.Build.0 = Release|Win32
	EndGlobalSection
	GlobalSection(SolutionProperties) = preSolution
		HideSolutionNode = FALSE
	EndGlobalSection
	GlobalSection(ExtensibilityGlobals) = postSolution
		SolutionGuid = {EBB074DD-77D6-44EA-A513-273F3495D09C}
	EndGlobalSection
EndGlobal
